// !$*UTF8*$!
{
	archiveVersion = 1;
	classes = {
	};
	objectVersion = 51;
	objects = {

/* Begin PBXBuildFile section */
		279AFF8219AB3BB8D8226E26 /* Pods_FootballTests.framework in Frameworks */ = {isa = PBXBuildFile; fileRef = 2172C12DC35C753BAC22F5C7 /* Pods_FootballTests.framework */; };
		70C9E76F231977D2EFDB6327 /* Pods_Football.framework in Frameworks */ = {isa = PBXBuildFile; fileRef = 2755C90117E22260C1D2EF02 /* Pods_Football.framework */; };
		84392DCD25AC06E600066C8E /* AppDelegate.swift in Sources */ = {isa = PBXBuildFile; fileRef = 84392DCC25AC06E600066C8E /* AppDelegate.swift */; };
		84392DCF25AC06E600066C8E /* SceneDelegate.swift in Sources */ = {isa = PBXBuildFile; fileRef = 84392DCE25AC06E600066C8E /* SceneDelegate.swift */; };
		84392DD125AC06E600066C8E /* ViewController.swift in Sources */ = {isa = PBXBuildFile; fileRef = 84392DD025AC06E600066C8E /* ViewController.swift */; };
		84392DD425AC06E600066C8E /* Main.storyboard in Resources */ = {isa = PBXBuildFile; fileRef = 84392DD225AC06E600066C8E /* Main.storyboard */; };
		84392DD725AC06E600066C8E /* Football.xcdatamodeld in Sources */ = {isa = PBXBuildFile; fileRef = 84392DD525AC06E600066C8E /* Football.xcdatamodeld */; };
		84392DD925AC06E900066C8E /* Assets.xcassets in Resources */ = {isa = PBXBuildFile; fileRef = 84392DD825AC06E900066C8E /* Assets.xcassets */; };
		84392DDC25AC06E900066C8E /* LaunchScreen.storyboard in Resources */ = {isa = PBXBuildFile; fileRef = 84392DDA25AC06E900066C8E /* LaunchScreen.storyboard */; };
		84392DE725AC06E900066C8E /* FootballTests.swift in Sources */ = {isa = PBXBuildFile; fileRef = 84392DE625AC06E900066C8E /* FootballTests.swift */; };
		84392DF225AC06E900066C8E /* FootballUITests.swift in Sources */ = {isa = PBXBuildFile; fileRef = 84392DF125AC06E900066C8E /* FootballUITests.swift */; };
		84392E0E25AC0AC000066C8E /* splash.jpg in Resources */ = {isa = PBXBuildFile; fileRef = 84392E0D25AC0AC000066C8E /* splash.jpg */; };
		84392E1325AC0D2500066C8E /* schedule_football.png in Resources */ = {isa = PBXBuildFile; fileRef = 84392E1225AC0D2500066C8E /* schedule_football.png */; };
		84392E1925AC303B00066C8E /* ResultMatchViewController.swift in Sources */ = {isa = PBXBuildFile; fileRef = 84392E1825AC303B00066C8E /* ResultMatchViewController.swift */; };
		84392E2325AC32AC00066C8E /* ListResultMatchTableViewCell.swift in Sources */ = {isa = PBXBuildFile; fileRef = 84392E2125AC32AC00066C8E /* ListResultMatchTableViewCell.swift */; };
		84392E2425AC32AC00066C8E /* ListResultMatchTableViewCell.xib in Resources */ = {isa = PBXBuildFile; fileRef = 84392E2225AC32AC00066C8E /* ListResultMatchTableViewCell.xib */; };
		84392E3425AC360A00066C8E /* tot.png in Resources */ = {isa = PBXBuildFile; fileRef = 84392E3325AC360900066C8E /* tot.png */; };
		84392E3925AC367C00066C8E /* marine.png in Resources */ = {isa = PBXBuildFile; fileRef = 84392E3825AC367C00066C8E /* marine.png */; };
		84392E3E25AC3B1E00066C8E /* Connect.swift in Sources */ = {isa = PBXBuildFile; fileRef = 84392E3D25AC3B1E00066C8E /* Connect.swift */; };
		84392E4325AC3EDB00066C8E /* ResultMatchItem.swift in Sources */ = {isa = PBXBuildFile; fileRef = 84392E4225AC3EDB00066C8E /* ResultMatchItem.swift */; };
		84392E4925AD462000066C8E /* LeagueViewController.swift in Sources */ = {isa = PBXBuildFile; fileRef = 84392E4825AD462000066C8E /* LeagueViewController.swift */; };
		84392E5F25AD4D6E00066C8E /* LeagueTableViewCell.swift in Sources */ = {isa = PBXBuildFile; fileRef = 84392E5D25AD4D6E00066C8E /* LeagueTableViewCell.swift */; };
		84392E6025AD4D6E00066C8E /* LeagueTableViewCell.xib in Resources */ = {isa = PBXBuildFile; fileRef = 84392E5E25AD4D6E00066C8E /* LeagueTableViewCell.xib */; };
		84392E7125AD578200066C8E /* LeagueDetailViewController.swift in Sources */ = {isa = PBXBuildFile; fileRef = 84392E7025AD578200066C8E /* LeagueDetailViewController.swift */; };
		84392E7A25AD946700066C8E /* FeatureLeagueCollectionViewCell.swift in Sources */ = {isa = PBXBuildFile; fileRef = 84392E7925AD946700066C8E /* FeatureLeagueCollectionViewCell.swift */; };
		84392E8725AFF8E600066C8E /* ListTableLeagueTableViewCell.swift in Sources */ = {isa = PBXBuildFile; fileRef = 84392E8525AFF8E600066C8E /* ListTableLeagueTableViewCell.swift */; };
		84392E8825AFF8E600066C8E /* ListTableLeagueTableViewCell.xib in Resources */ = {isa = PBXBuildFile; fileRef = 84392E8625AFF8E600066C8E /* ListTableLeagueTableViewCell.xib */; };
		84392EA125B175A500066C8E /* StatsTableViewCell.swift in Sources */ = {isa = PBXBuildFile; fileRef = 84392E9F25B175A500066C8E /* StatsTableViewCell.swift */; };
		84392EA225B175A500066C8E /* StatsTableViewCell.xib in Resources */ = {isa = PBXBuildFile; fileRef = 84392EA025B175A500066C8E /* StatsTableViewCell.xib */; };
		84392EA725B17BC000066C8E /* LeagueDetail.swift in Sources */ = {isa = PBXBuildFile; fileRef = 84392EA625B17BC000066C8E /* LeagueDetail.swift */; };
		84392EBA25B56E1C00066C8E /* MatchViewController.swift in Sources */ = {isa = PBXBuildFile; fileRef = 84392EB925B56E1C00066C8E /* MatchViewController.swift */; };
		84392ED325B58C3D00066C8E /* StatsLeagueViewController.swift in Sources */ = {isa = PBXBuildFile; fileRef = 84392ED225B58C3D00066C8E /* StatsLeagueViewController.swift */; };
		84392EDA25B58E6800066C8E /* StatLeagueItemTableViewCell.swift in Sources */ = {isa = PBXBuildFile; fileRef = 84392ED825B58E6800066C8E /* StatLeagueItemTableViewCell.swift */; };
		84392EDB25B58E6800066C8E /* StatLeagueItemTableViewCell.xib in Resources */ = {isa = PBXBuildFile; fileRef = 84392ED925B58E6800066C8E /* StatLeagueItemTableViewCell.xib */; };
		84392EE325B5914C00066C8E /* StatsItem.swift in Sources */ = {isa = PBXBuildFile; fileRef = 84392EE225B5914C00066C8E /* StatsItem.swift */; };
		84392EE925B68A4500066C8E /* ListStatsFilterViewController.swift in Sources */ = {isa = PBXBuildFile; fileRef = 84392EE825B68A4500066C8E /* ListStatsFilterViewController.swift */; };
		84392EF125B68E3A00066C8E /* League.swift in Sources */ = {isa = PBXBuildFile; fileRef = 84392EF025B68E3A00066C8E /* League.swift */; };
		84392EF825B6CDF200066C8E /* ListStatsFilterTableViewCell.swift in Sources */ = {isa = PBXBuildFile; fileRef = 84392EF625B6CDF200066C8E /* ListStatsFilterTableViewCell.swift */; };
		84392EF925B6CDF200066C8E /* ListStatsFilterTableViewCell.xib in Resources */ = {isa = PBXBuildFile; fileRef = 84392EF725B6CDF200066C8E /* ListStatsFilterTableViewCell.xib */; };
		84392F0C25B74B8B00066C8E /* ModalViewController.swift in Sources */ = {isa = PBXBuildFile; fileRef = 84392F0A25B74B8B00066C8E /* ModalViewController.swift */; };
		84392F0D25B74B8B00066C8E /* ModalViewController.xib in Resources */ = {isa = PBXBuildFile; fileRef = 84392F0B25B74B8B00066C8E /* ModalViewController.xib */; };
		84392F1525B751AD00066C8E /* LoadingController.swift in Sources */ = {isa = PBXBuildFile; fileRef = 84392F1425B751AD00066C8E /* LoadingController.swift */; };
		84392F1A25B757CA00066C8E /* loading1.gif in Resources */ = {isa = PBXBuildFile; fileRef = 84392F1925B757CA00066C8E /* loading1.gif */; };
		84E6CB1C25B7DAF200E58607 /* NewsViewController.swift in Sources */ = {isa = PBXBuildFile; fileRef = 84E6CB1B25B7DAF200E58607 /* NewsViewController.swift */; };
		84E6CB2625B7DE2D00E58607 /* NewsTableViewCell.swift in Sources */ = {isa = PBXBuildFile; fileRef = 84E6CB2425B7DE2D00E58607 /* NewsTableViewCell.swift */; };
		84E6CB2725B7DE2D00E58607 /* NewsTableViewCell.xib in Resources */ = {isa = PBXBuildFile; fileRef = 84E6CB2525B7DE2D00E58607 /* NewsTableViewCell.xib */; };
		84E6CB2F25B7E7E400E58607 /* News.swift in Sources */ = {isa = PBXBuildFile; fileRef = 84E6CB2E25B7E7E400E58607 /* News.swift */; };
		84E6CB3C25B8159200E58607 /* UserPlayerViewController.swift in Sources */ = {isa = PBXBuildFile; fileRef = 84E6CB3B25B8159200E58607 /* UserPlayerViewController.swift */; };
		84E6CB4825B824EB00E58607 /* InfoPlayerViewController.swift in Sources */ = {isa = PBXBuildFile; fileRef = 84E6CB4725B824EB00E58607 /* InfoPlayerViewController.swift */; };
		84E6CB5025B8252400E58607 /* CareerPlayerViewController.swift in Sources */ = {isa = PBXBuildFile; fileRef = 84E6CB4F25B8252400E58607 /* CareerPlayerViewController.swift */; };
		84E6CB5525B82C6000E58607 /* NewsPlayerViewController.swift in Sources */ = {isa = PBXBuildFile; fileRef = 84E6CB5425B82C6000E58607 /* NewsPlayerViewController.swift */; };
		84E6CB5C25B844B900E58607 /* CareerItemTableViewCell.swift in Sources */ = {isa = PBXBuildFile; fileRef = 84E6CB5A25B844B900E58607 /* CareerItemTableViewCell.swift */; };
		84E6CB5D25B844B900E58607 /* CareerItemTableViewCell.xib in Resources */ = {isa = PBXBuildFile; fileRef = 84E6CB5B25B844B900E58607 /* CareerItemTableViewCell.xib */; };
		84E6CB6525B84E6C00E58607 /* ball.jpg in Resources */ = {isa = PBXBuildFile; fileRef = 84E6CB6425B84E6B00E58607 /* ball.jpg */; };
		84E6CB6A25B84E7700E58607 /* stadium.png in Resources */ = {isa = PBXBuildFile; fileRef = 84E6CB6925B84E7600E58607 /* stadium.png */; };
		84E6CB6F25B84EAC00E58607 /* football.png in Resources */ = {isa = PBXBuildFile; fileRef = 84E6CB6E25B84EAC00E58607 /* football.png */; };
		84E6CB7525B84F5100E58607 /* NewsPlayerTableViewCell.swift in Sources */ = {isa = PBXBuildFile; fileRef = 84E6CB7325B84F5100E58607 /* NewsPlayerTableViewCell.swift */; };
		84E6CB7625B84F5100E58607 /* NewsPlayerTableViewCell.xib in Resources */ = {isa = PBXBuildFile; fileRef = 84E6CB7425B84F5100E58607 /* NewsPlayerTableViewCell.xib */; };
		84E6CB7B25B8792800E58607 /* InfoPlayerItem.swift in Sources */ = {isa = PBXBuildFile; fileRef = 84E6CB7A25B8792800E58607 /* InfoPlayerItem.swift */; };
		84E6CB8125B938EF00E58607 /* TransfersViewController.swift in Sources */ = {isa = PBXBuildFile; fileRef = 84E6CB8025B938EF00E58607 /* TransfersViewController.swift */; };
		84E6CB8925B93B4500E58607 /* TransfersItem.swift in Sources */ = {isa = PBXBuildFile; fileRef = 84E6CB8825B93B4500E58607 /* TransfersItem.swift */; };
		84E6CB9025B93ED900E58607 /* ListTransferTableViewCell.swift in Sources */ = {isa = PBXBuildFile; fileRef = 84E6CB8E25B93ED900E58607 /* ListTransferTableViewCell.swift */; };
		84E6CB9125B93ED900E58607 /* ListTransferTableViewCell.xib in Resources */ = {isa = PBXBuildFile; fileRef = 84E6CB8F25B93ED900E58607 /* ListTransferTableViewCell.xib */; };
		84E6CB9625B96BF100E58607 /* logo.jpg in Resources */ = {isa = PBXBuildFile; fileRef = 84E6CB9525B96BF100E58607 /* logo.jpg */; };
		84E6CBA025B96D5600E58607 /* ResultMatchDetailViewController.swift in Sources */ = {isa = PBXBuildFile; fileRef = 84E6CB9F25B96D5600E58607 /* ResultMatchDetailViewController.swift */; };
		84E6CBA625B97FAC00E58607 /* FeatureMatchesDetailCollectionViewCell.swift in Sources */ = {isa = PBXBuildFile; fileRef = 84E6CBA525B97FAC00E58607 /* FeatureMatchesDetailCollectionViewCell.swift */; };
		84E6CBAE25B9933E00E58607 /* MatchesDetailItem.swift in Sources */ = {isa = PBXBuildFile; fileRef = 84E6CBAD25B9933E00E58607 /* MatchesDetailItem.swift */; };
		8EA1E51B234081B8B0DBEF31 /* Pods_Football_FootballUITests.framework in Frameworks */ = {isa = PBXBuildFile; fileRef = 9C50BB18B0C8188AC92E2F5F /* Pods_Football_FootballUITests.framework */; };
/* End PBXBuildFile section */

/* Begin PBXContainerItemProxy section */
		84392DE325AC06E900066C8E /* PBXContainerItemProxy */ = {
			isa = PBXContainerItemProxy;
			containerPortal = 84392DC125AC06E600066C8E /* Project object */;
			proxyType = 1;
			remoteGlobalIDString = 84392DC825AC06E600066C8E;
			remoteInfo = Football;
		};
		84392DEE25AC06E900066C8E /* PBXContainerItemProxy */ = {
			isa = PBXContainerItemProxy;
			containerPortal = 84392DC125AC06E600066C8E /* Project object */;
			proxyType = 1;
			remoteGlobalIDString = 84392DC825AC06E600066C8E;
			remoteInfo = Football;
		};
/* End PBXContainerItemProxy section */

/* Begin PBXFileReference section */
		057609820A0FF0414270EE13 /* Pods-Football.release.xcconfig */ = {isa = PBXFileReference; includeInIndex = 1; lastKnownFileType = text.xcconfig; name = "Pods-Football.release.xcconfig"; path = "Target Support Files/Pods-Football/Pods-Football.release.xcconfig"; sourceTree = "<group>"; };
		05ED7A1AB80617C365C33672 /* Pods-Football-FootballUITests.debug.xcconfig */ = {isa = PBXFileReference; includeInIndex = 1; lastKnownFileType = text.xcconfig; name = "Pods-Football-FootballUITests.debug.xcconfig"; path = "Target Support Files/Pods-Football-FootballUITests/Pods-Football-FootballUITests.debug.xcconfig"; sourceTree = "<group>"; };
		1E1341CAD092E0A3B18E9138 /* Pods-Football-FootballUITests.release.xcconfig */ = {isa = PBXFileReference; includeInIndex = 1; lastKnownFileType = text.xcconfig; name = "Pods-Football-FootballUITests.release.xcconfig"; path = "Target Support Files/Pods-Football-FootballUITests/Pods-Football-FootballUITests.release.xcconfig"; sourceTree = "<group>"; };
		2172C12DC35C753BAC22F5C7 /* Pods_FootballTests.framework */ = {isa = PBXFileReference; explicitFileType = wrapper.framework; includeInIndex = 0; path = Pods_FootballTests.framework; sourceTree = BUILT_PRODUCTS_DIR; };
		2755C90117E22260C1D2EF02 /* Pods_Football.framework */ = {isa = PBXFileReference; explicitFileType = wrapper.framework; includeInIndex = 0; path = Pods_Football.framework; sourceTree = BUILT_PRODUCTS_DIR; };
		2AEC838E21DD6E55EF6B6573 /* Pods-Football.debug.xcconfig */ = {isa = PBXFileReference; includeInIndex = 1; lastKnownFileType = text.xcconfig; name = "Pods-Football.debug.xcconfig"; path = "Target Support Files/Pods-Football/Pods-Football.debug.xcconfig"; sourceTree = "<group>"; };
		7FF1B86AA25C8CE19721CCFB /* Pods-FootballTests.release.xcconfig */ = {isa = PBXFileReference; includeInIndex = 1; lastKnownFileType = text.xcconfig; name = "Pods-FootballTests.release.xcconfig"; path = "Target Support Files/Pods-FootballTests/Pods-FootballTests.release.xcconfig"; sourceTree = "<group>"; };
		82EF47E2ABCDDB90BACB97F2 /* Pods-FootballTests.debug.xcconfig */ = {isa = PBXFileReference; includeInIndex = 1; lastKnownFileType = text.xcconfig; name = "Pods-FootballTests.debug.xcconfig"; path = "Target Support Files/Pods-FootballTests/Pods-FootballTests.debug.xcconfig"; sourceTree = "<group>"; };
		84392DC925AC06E600066C8E /* Football.app */ = {isa = PBXFileReference; explicitFileType = wrapper.application; includeInIndex = 0; path = Football.app; sourceTree = BUILT_PRODUCTS_DIR; };
		84392DCC25AC06E600066C8E /* AppDelegate.swift */ = {isa = PBXFileReference; lastKnownFileType = sourcecode.swift; path = AppDelegate.swift; sourceTree = "<group>"; };
		84392DCE25AC06E600066C8E /* SceneDelegate.swift */ = {isa = PBXFileReference; lastKnownFileType = sourcecode.swift; path = SceneDelegate.swift; sourceTree = "<group>"; };
		84392DD025AC06E600066C8E /* ViewController.swift */ = {isa = PBXFileReference; lastKnownFileType = sourcecode.swift; path = ViewController.swift; sourceTree = "<group>"; };
		84392DD325AC06E600066C8E /* Base */ = {isa = PBXFileReference; lastKnownFileType = file.storyboard; name = Base; path = Base.lproj/Main.storyboard; sourceTree = "<group>"; };
		84392DD625AC06E600066C8E /* Football.xcdatamodel */ = {isa = PBXFileReference; lastKnownFileType = wrapper.xcdatamodel; path = Football.xcdatamodel; sourceTree = "<group>"; };
		84392DD825AC06E900066C8E /* Assets.xcassets */ = {isa = PBXFileReference; lastKnownFileType = folder.assetcatalog; path = Assets.xcassets; sourceTree = "<group>"; };
		84392DDB25AC06E900066C8E /* Base */ = {isa = PBXFileReference; lastKnownFileType = file.storyboard; name = Base; path = Base.lproj/LaunchScreen.storyboard; sourceTree = "<group>"; };
		84392DDD25AC06E900066C8E /* Info.plist */ = {isa = PBXFileReference; lastKnownFileType = text.plist.xml; path = Info.plist; sourceTree = "<group>"; };
		84392DE225AC06E900066C8E /* FootballTests.xctest */ = {isa = PBXFileReference; explicitFileType = wrapper.cfbundle; includeInIndex = 0; path = FootballTests.xctest; sourceTree = BUILT_PRODUCTS_DIR; };
		84392DE625AC06E900066C8E /* FootballTests.swift */ = {isa = PBXFileReference; lastKnownFileType = sourcecode.swift; path = FootballTests.swift; sourceTree = "<group>"; };
		84392DE825AC06E900066C8E /* Info.plist */ = {isa = PBXFileReference; lastKnownFileType = text.plist.xml; path = Info.plist; sourceTree = "<group>"; };
		84392DED25AC06E900066C8E /* FootballUITests.xctest */ = {isa = PBXFileReference; explicitFileType = wrapper.cfbundle; includeInIndex = 0; path = FootballUITests.xctest; sourceTree = BUILT_PRODUCTS_DIR; };
		84392DF125AC06E900066C8E /* FootballUITests.swift */ = {isa = PBXFileReference; lastKnownFileType = sourcecode.swift; path = FootballUITests.swift; sourceTree = "<group>"; };
		84392DF325AC06E900066C8E /* Info.plist */ = {isa = PBXFileReference; lastKnownFileType = text.plist.xml; path = Info.plist; sourceTree = "<group>"; };
		84392E0D25AC0AC000066C8E /* splash.jpg */ = {isa = PBXFileReference; lastKnownFileType = image.jpeg; path = splash.jpg; sourceTree = "<group>"; };
		84392E1225AC0D2500066C8E /* schedule_football.png */ = {isa = PBXFileReference; lastKnownFileType = image.png; path = schedule_football.png; sourceTree = "<group>"; };
		84392E1825AC303B00066C8E /* ResultMatchViewController.swift */ = {isa = PBXFileReference; lastKnownFileType = sourcecode.swift; path = ResultMatchViewController.swift; sourceTree = "<group>"; };
		84392E2125AC32AC00066C8E /* ListResultMatchTableViewCell.swift */ = {isa = PBXFileReference; lastKnownFileType = sourcecode.swift; path = ListResultMatchTableViewCell.swift; sourceTree = "<group>"; };
		84392E2225AC32AC00066C8E /* ListResultMatchTableViewCell.xib */ = {isa = PBXFileReference; lastKnownFileType = file.xib; path = ListResultMatchTableViewCell.xib; sourceTree = "<group>"; };
		84392E3325AC360900066C8E /* tot.png */ = {isa = PBXFileReference; lastKnownFileType = image.png; path = tot.png; sourceTree = "<group>"; };
		84392E3825AC367C00066C8E /* marine.png */ = {isa = PBXFileReference; lastKnownFileType = image.png; path = marine.png; sourceTree = "<group>"; };
		84392E3D25AC3B1E00066C8E /* Connect.swift */ = {isa = PBXFileReference; lastKnownFileType = sourcecode.swift; path = Connect.swift; sourceTree = "<group>"; };
		84392E4225AC3EDB00066C8E /* ResultMatchItem.swift */ = {isa = PBXFileReference; lastKnownFileType = sourcecode.swift; path = ResultMatchItem.swift; sourceTree = "<group>"; };
		84392E4825AD462000066C8E /* LeagueViewController.swift */ = {isa = PBXFileReference; lastKnownFileType = sourcecode.swift; path = LeagueViewController.swift; sourceTree = "<group>"; };
		84392E5D25AD4D6E00066C8E /* LeagueTableViewCell.swift */ = {isa = PBXFileReference; lastKnownFileType = sourcecode.swift; path = LeagueTableViewCell.swift; sourceTree = "<group>"; };
		84392E5E25AD4D6E00066C8E /* LeagueTableViewCell.xib */ = {isa = PBXFileReference; lastKnownFileType = file.xib; path = LeagueTableViewCell.xib; sourceTree = "<group>"; };
		84392E7025AD578200066C8E /* LeagueDetailViewController.swift */ = {isa = PBXFileReference; lastKnownFileType = sourcecode.swift; path = LeagueDetailViewController.swift; sourceTree = "<group>"; };
		84392E7925AD946700066C8E /* FeatureLeagueCollectionViewCell.swift */ = {isa = PBXFileReference; lastKnownFileType = sourcecode.swift; path = FeatureLeagueCollectionViewCell.swift; sourceTree = "<group>"; };
		84392E8525AFF8E600066C8E /* ListTableLeagueTableViewCell.swift */ = {isa = PBXFileReference; lastKnownFileType = sourcecode.swift; path = ListTableLeagueTableViewCell.swift; sourceTree = "<group>"; };
		84392E8625AFF8E600066C8E /* ListTableLeagueTableViewCell.xib */ = {isa = PBXFileReference; lastKnownFileType = file.xib; path = ListTableLeagueTableViewCell.xib; sourceTree = "<group>"; };
		84392E9F25B175A500066C8E /* StatsTableViewCell.swift */ = {isa = PBXFileReference; lastKnownFileType = sourcecode.swift; path = StatsTableViewCell.swift; sourceTree = "<group>"; };
		84392EA025B175A500066C8E /* StatsTableViewCell.xib */ = {isa = PBXFileReference; lastKnownFileType = file.xib; path = StatsTableViewCell.xib; sourceTree = "<group>"; };
		84392EA625B17BC000066C8E /* LeagueDetail.swift */ = {isa = PBXFileReference; lastKnownFileType = sourcecode.swift; path = LeagueDetail.swift; sourceTree = "<group>"; };
		84392EB925B56E1C00066C8E /* MatchViewController.swift */ = {isa = PBXFileReference; lastKnownFileType = sourcecode.swift; path = MatchViewController.swift; sourceTree = "<group>"; };
		84392ED225B58C3D00066C8E /* StatsLeagueViewController.swift */ = {isa = PBXFileReference; lastKnownFileType = sourcecode.swift; path = StatsLeagueViewController.swift; sourceTree = "<group>"; };
		84392ED825B58E6800066C8E /* StatLeagueItemTableViewCell.swift */ = {isa = PBXFileReference; lastKnownFileType = sourcecode.swift; path = StatLeagueItemTableViewCell.swift; sourceTree = "<group>"; };
		84392ED925B58E6800066C8E /* StatLeagueItemTableViewCell.xib */ = {isa = PBXFileReference; lastKnownFileType = file.xib; path = StatLeagueItemTableViewCell.xib; sourceTree = "<group>"; };
		84392EE225B5914C00066C8E /* StatsItem.swift */ = {isa = PBXFileReference; lastKnownFileType = sourcecode.swift; path = StatsItem.swift; sourceTree = "<group>"; };
		84392EE825B68A4500066C8E /* ListStatsFilterViewController.swift */ = {isa = PBXFileReference; lastKnownFileType = sourcecode.swift; path = ListStatsFilterViewController.swift; sourceTree = "<group>"; };
		84392EF025B68E3A00066C8E /* League.swift */ = {isa = PBXFileReference; lastKnownFileType = sourcecode.swift; path = League.swift; sourceTree = "<group>"; };
		84392EF625B6CDF200066C8E /* ListStatsFilterTableViewCell.swift */ = {isa = PBXFileReference; lastKnownFileType = sourcecode.swift; path = ListStatsFilterTableViewCell.swift; sourceTree = "<group>"; };
		84392EF725B6CDF200066C8E /* ListStatsFilterTableViewCell.xib */ = {isa = PBXFileReference; lastKnownFileType = file.xib; path = ListStatsFilterTableViewCell.xib; sourceTree = "<group>"; };
		84392F0A25B74B8B00066C8E /* ModalViewController.swift */ = {isa = PBXFileReference; lastKnownFileType = sourcecode.swift; path = ModalViewController.swift; sourceTree = "<group>"; };
		84392F0B25B74B8B00066C8E /* ModalViewController.xib */ = {isa = PBXFileReference; lastKnownFileType = file.xib; path = ModalViewController.xib; sourceTree = "<group>"; };
		84392F1425B751AD00066C8E /* LoadingController.swift */ = {isa = PBXFileReference; lastKnownFileType = sourcecode.swift; path = LoadingController.swift; sourceTree = "<group>"; };
		84392F1925B757CA00066C8E /* loading1.gif */ = {isa = PBXFileReference; lastKnownFileType = image.gif; path = loading1.gif; sourceTree = "<group>"; };
		84E6CB1B25B7DAF200E58607 /* NewsViewController.swift */ = {isa = PBXFileReference; lastKnownFileType = sourcecode.swift; path = NewsViewController.swift; sourceTree = "<group>"; };
		84E6CB2425B7DE2D00E58607 /* NewsTableViewCell.swift */ = {isa = PBXFileReference; lastKnownFileType = sourcecode.swift; path = NewsTableViewCell.swift; sourceTree = "<group>"; };
		84E6CB2525B7DE2D00E58607 /* NewsTableViewCell.xib */ = {isa = PBXFileReference; lastKnownFileType = file.xib; path = NewsTableViewCell.xib; sourceTree = "<group>"; };
		84E6CB2E25B7E7E400E58607 /* News.swift */ = {isa = PBXFileReference; lastKnownFileType = sourcecode.swift; path = News.swift; sourceTree = "<group>"; };
		84E6CB3B25B8159200E58607 /* UserPlayerViewController.swift */ = {isa = PBXFileReference; lastKnownFileType = sourcecode.swift; path = UserPlayerViewController.swift; sourceTree = "<group>"; };
		84E6CB4725B824EB00E58607 /* InfoPlayerViewController.swift */ = {isa = PBXFileReference; lastKnownFileType = sourcecode.swift; path = InfoPlayerViewController.swift; sourceTree = "<group>"; };
		84E6CB4F25B8252400E58607 /* CareerPlayerViewController.swift */ = {isa = PBXFileReference; lastKnownFileType = sourcecode.swift; path = CareerPlayerViewController.swift; sourceTree = "<group>"; };
		84E6CB5425B82C6000E58607 /* NewsPlayerViewController.swift */ = {isa = PBXFileReference; lastKnownFileType = sourcecode.swift; path = NewsPlayerViewController.swift; sourceTree = "<group>"; };
		84E6CB5A25B844B900E58607 /* CareerItemTableViewCell.swift */ = {isa = PBXFileReference; lastKnownFileType = sourcecode.swift; path = CareerItemTableViewCell.swift; sourceTree = "<group>"; };
		84E6CB5B25B844B900E58607 /* CareerItemTableViewCell.xib */ = {isa = PBXFileReference; lastKnownFileType = file.xib; path = CareerItemTableViewCell.xib; sourceTree = "<group>"; };
		84E6CB6425B84E6B00E58607 /* ball.jpg */ = {isa = PBXFileReference; lastKnownFileType = image.jpeg; path = ball.jpg; sourceTree = "<group>"; };
		84E6CB6925B84E7600E58607 /* stadium.png */ = {isa = PBXFileReference; lastKnownFileType = image.png; path = stadium.png; sourceTree = "<group>"; };
		84E6CB6E25B84EAC00E58607 /* football.png */ = {isa = PBXFileReference; lastKnownFileType = image.png; path = football.png; sourceTree = "<group>"; };
		84E6CB7325B84F5100E58607 /* NewsPlayerTableViewCell.swift */ = {isa = PBXFileReference; lastKnownFileType = sourcecode.swift; path = NewsPlayerTableViewCell.swift; sourceTree = "<group>"; };
		84E6CB7425B84F5100E58607 /* NewsPlayerTableViewCell.xib */ = {isa = PBXFileReference; lastKnownFileType = file.xib; path = NewsPlayerTableViewCell.xib; sourceTree = "<group>"; };
		84E6CB7A25B8792800E58607 /* InfoPlayerItem.swift */ = {isa = PBXFileReference; lastKnownFileType = sourcecode.swift; path = InfoPlayerItem.swift; sourceTree = "<group>"; };
		84E6CB8025B938EF00E58607 /* TransfersViewController.swift */ = {isa = PBXFileReference; lastKnownFileType = sourcecode.swift; path = TransfersViewController.swift; sourceTree = "<group>"; };
		84E6CB8825B93B4500E58607 /* TransfersItem.swift */ = {isa = PBXFileReference; lastKnownFileType = sourcecode.swift; path = TransfersItem.swift; sourceTree = "<group>"; };
		84E6CB8E25B93ED900E58607 /* ListTransferTableViewCell.swift */ = {isa = PBXFileReference; lastKnownFileType = sourcecode.swift; path = ListTransferTableViewCell.swift; sourceTree = "<group>"; };
		84E6CB8F25B93ED900E58607 /* ListTransferTableViewCell.xib */ = {isa = PBXFileReference; lastKnownFileType = file.xib; path = ListTransferTableViewCell.xib; sourceTree = "<group>"; };
		84E6CB9525B96BF100E58607 /* logo.jpg */ = {isa = PBXFileReference; lastKnownFileType = image.jpeg; path = logo.jpg; sourceTree = "<group>"; };
		84E6CB9F25B96D5600E58607 /* ResultMatchDetailViewController.swift */ = {isa = PBXFileReference; lastKnownFileType = sourcecode.swift; path = ResultMatchDetailViewController.swift; sourceTree = "<group>"; };
		84E6CBA525B97FAC00E58607 /* FeatureMatchesDetailCollectionViewCell.swift */ = {isa = PBXFileReference; lastKnownFileType = sourcecode.swift; path = FeatureMatchesDetailCollectionViewCell.swift; sourceTree = "<group>"; };
		84E6CBAD25B9933E00E58607 /* MatchesDetailItem.swift */ = {isa = PBXFileReference; lastKnownFileType = sourcecode.swift; path = MatchesDetailItem.swift; sourceTree = "<group>"; };
		9C50BB18B0C8188AC92E2F5F /* Pods_Football_FootballUITests.framework */ = {isa = PBXFileReference; explicitFileType = wrapper.framework; includeInIndex = 0; path = Pods_Football_FootballUITests.framework; sourceTree = BUILT_PRODUCTS_DIR; };
/* End PBXFileReference section */

/* Begin PBXFrameworksBuildPhase section */
		84392DC625AC06E600066C8E /* Frameworks */ = {
			isa = PBXFrameworksBuildPhase;
			buildActionMask = 2147483647;
			files = (
				70C9E76F231977D2EFDB6327 /* Pods_Football.framework in Frameworks */,
			);
			runOnlyForDeploymentPostprocessing = 0;
		};
		84392DDF25AC06E900066C8E /* Frameworks */ = {
			isa = PBXFrameworksBuildPhase;
			buildActionMask = 2147483647;
			files = (
				279AFF8219AB3BB8D8226E26 /* Pods_FootballTests.framework in Frameworks */,
			);
			runOnlyForDeploymentPostprocessing = 0;
		};
		84392DEA25AC06E900066C8E /* Frameworks */ = {
			isa = PBXFrameworksBuildPhase;
			buildActionMask = 2147483647;
			files = (
				8EA1E51B234081B8B0DBEF31 /* Pods_Football_FootballUITests.framework in Frameworks */,
			);
			runOnlyForDeploymentPostprocessing = 0;
		};
/* End PBXFrameworksBuildPhase section */

/* Begin PBXGroup section */
		2F1AED7B6BCF17F0A76E5E2F /* Frameworks */ = {
			isa = PBXGroup;
			children = (
				2755C90117E22260C1D2EF02 /* Pods_Football.framework */,
				9C50BB18B0C8188AC92E2F5F /* Pods_Football_FootballUITests.framework */,
				2172C12DC35C753BAC22F5C7 /* Pods_FootballTests.framework */,
			);
			name = Frameworks;
			sourceTree = "<group>";
		};
		84392DC025AC06E600066C8E = {
			isa = PBXGroup;
			children = (
				84392DCB25AC06E600066C8E /* Football */,
				84392DE525AC06E900066C8E /* FootballTests */,
				84392DF025AC06E900066C8E /* FootballUITests */,
				84392DCA25AC06E600066C8E /* Products */,
				A2E809A87BCD29E16A6AA98A /* Pods */,
				2F1AED7B6BCF17F0A76E5E2F /* Frameworks */,
			);
			sourceTree = "<group>";
		};
		84392DCA25AC06E600066C8E /* Products */ = {
			isa = PBXGroup;
			children = (
				84392DC925AC06E600066C8E /* Football.app */,
				84392DE225AC06E900066C8E /* FootballTests.xctest */,
				84392DED25AC06E900066C8E /* FootballUITests.xctest */,
			);
			name = Products;
			sourceTree = "<group>";
		};
		84392DCB25AC06E600066C8E /* Football */ = {
			isa = PBXGroup;
			children = (
				84392E0C25AC0AB000066C8E /* Model */,
				84392E0B25AC0AA700066C8E /* Network */,
				84392E0A25AC0AA200066C8E /* App */,
				84392E0925AC0A9A00066C8E /* Assest */,
				84392DCC25AC06E600066C8E /* AppDelegate.swift */,
				84392DCE25AC06E600066C8E /* SceneDelegate.swift */,
				84392DD025AC06E600066C8E /* ViewController.swift */,
				84392DD225AC06E600066C8E /* Main.storyboard */,
				84392DD825AC06E900066C8E /* Assets.xcassets */,
				84392DDA25AC06E900066C8E /* LaunchScreen.storyboard */,
				84392DDD25AC06E900066C8E /* Info.plist */,
				84392DD525AC06E600066C8E /* Football.xcdatamodeld */,
			);
			path = Football;
			sourceTree = "<group>";
		};
		84392DE525AC06E900066C8E /* FootballTests */ = {
			isa = PBXGroup;
			children = (
				84392DE625AC06E900066C8E /* FootballTests.swift */,
				84392DE825AC06E900066C8E /* Info.plist */,
			);
			path = FootballTests;
			sourceTree = "<group>";
		};
		84392DF025AC06E900066C8E /* FootballUITests */ = {
			isa = PBXGroup;
			children = (
				84392DF125AC06E900066C8E /* FootballUITests.swift */,
				84392DF325AC06E900066C8E /* Info.plist */,
			);
			path = FootballUITests;
			sourceTree = "<group>";
		};
		84392E0925AC0A9A00066C8E /* Assest */ = {
			isa = PBXGroup;
			children = (
				84E6CB9525B96BF100E58607 /* logo.jpg */,
				84E6CB6E25B84EAC00E58607 /* football.png */,
				84E6CB6925B84E7600E58607 /* stadium.png */,
				84E6CB6425B84E6B00E58607 /* ball.jpg */,
				84392F1925B757CA00066C8E /* loading1.gif */,
				84392E3825AC367C00066C8E /* marine.png */,
				84392E3325AC360900066C8E /* tot.png */,
				84392E1225AC0D2500066C8E /* schedule_football.png */,
				84392E0D25AC0AC000066C8E /* splash.jpg */,
			);
			path = Assest;
			sourceTree = "<group>";
		};
		84392E0A25AC0AA200066C8E /* App */ = {
			isa = PBXGroup;
			children = (
				84E6CB9A25B96D1A00E58607 /* ResultsMatches */,
				84E6CB3325B80FF600E58607 /* Leagues */,
				84392F0925B74B6800066C8E /* CustomModal */,
				84392EAB25B56CF100066C8E /* Match */,
			);
			path = App;
			sourceTree = "<group>";
		};
		84392E0B25AC0AA700066C8E /* Network */ = {
			isa = PBXGroup;
			children = (
				84392E3D25AC3B1E00066C8E /* Connect.swift */,
			);
			path = Network;
			sourceTree = "<group>";
		};
		84392E0C25AC0AB000066C8E /* Model */ = {
			isa = PBXGroup;
			children = (
				84392E4225AC3EDB00066C8E /* ResultMatchItem.swift */,
				84392EA625B17BC000066C8E /* LeagueDetail.swift */,
				84392EE225B5914C00066C8E /* StatsItem.swift */,
				84392EF025B68E3A00066C8E /* League.swift */,
				84E6CB2E25B7E7E400E58607 /* News.swift */,
				84E6CB7A25B8792800E58607 /* InfoPlayerItem.swift */,
				84E6CB8825B93B4500E58607 /* TransfersItem.swift */,
				84E6CBAD25B9933E00E58607 /* MatchesDetailItem.swift */,
			);
			path = Model;
			sourceTree = "<group>";
		};
		84392E1725AC2F6E00066C8E /* ResultMatch */ = {
			isa = PBXGroup;
			children = (
				84392E2025AC328700066C8E /* View */,
				84392E1825AC303B00066C8E /* ResultMatchViewController.swift */,
			);
			path = ResultMatch;
			sourceTree = "<group>";
		};
		84392E2025AC328700066C8E /* View */ = {
			isa = PBXGroup;
			children = (
				84392E2125AC32AC00066C8E /* ListResultMatchTableViewCell.swift */,
				84392E2225AC32AC00066C8E /* ListResultMatchTableViewCell.xib */,
			);
			path = View;
			sourceTree = "<group>";
		};
		84392E4725AD460200066C8E /* League */ = {
			isa = PBXGroup;
			children = (
				84392E5025AD498D00066C8E /* View */,
				84392E4825AD462000066C8E /* LeagueViewController.swift */,
			);
			path = League;
			sourceTree = "<group>";
		};
		84392E5025AD498D00066C8E /* View */ = {
			isa = PBXGroup;
			children = (
				84392E5D25AD4D6E00066C8E /* LeagueTableViewCell.swift */,
				84392E5E25AD4D6E00066C8E /* LeagueTableViewCell.xib */,
			);
			path = View;
			sourceTree = "<group>";
		};
		84392E6F25AD576100066C8E /* LeagueDetail */ = {
			isa = PBXGroup;
			children = (
				84392E7825AD944500066C8E /* View */,
				84392E7025AD578200066C8E /* LeagueDetailViewController.swift */,
			);
			path = LeagueDetail;
			sourceTree = "<group>";
		};
		84392E7825AD944500066C8E /* View */ = {
			isa = PBXGroup;
			children = (
				84392E7925AD946700066C8E /* FeatureLeagueCollectionViewCell.swift */,
				84392E8525AFF8E600066C8E /* ListTableLeagueTableViewCell.swift */,
				84392E8625AFF8E600066C8E /* ListTableLeagueTableViewCell.xib */,
				84392E9F25B175A500066C8E /* StatsTableViewCell.swift */,
				84392EA025B175A500066C8E /* StatsTableViewCell.xib */,
			);
			path = View;
			sourceTree = "<group>";
		};
		84392EAB25B56CF100066C8E /* Match */ = {
			isa = PBXGroup;
			children = (
				84392EB925B56E1C00066C8E /* MatchViewController.swift */,
			);
			path = Match;
			sourceTree = "<group>";
		};
		84392EBE25B5831B00066C8E /* Stats */ = {
			isa = PBXGroup;
			children = (
				84392ED725B58E4D00066C8E /* View */,
				84392ED225B58C3D00066C8E /* StatsLeagueViewController.swift */,
			);
			path = Stats;
			sourceTree = "<group>";
		};
		84392ED725B58E4D00066C8E /* View */ = {
			isa = PBXGroup;
			children = (
				84392ED825B58E6800066C8E /* StatLeagueItemTableViewCell.swift */,
				84392ED925B58E6800066C8E /* StatLeagueItemTableViewCell.xib */,
			);
			path = View;
			sourceTree = "<group>";
		};
		84392EE725B68A2600066C8E /* ListStatsFilter */ = {
			isa = PBXGroup;
			children = (
				84392EF525B6CDD600066C8E /* View */,
				84392EE825B68A4500066C8E /* ListStatsFilterViewController.swift */,
			);
			path = ListStatsFilter;
			sourceTree = "<group>";
		};
		84392EF525B6CDD600066C8E /* View */ = {
			isa = PBXGroup;
			children = (
				84392EF625B6CDF200066C8E /* ListStatsFilterTableViewCell.swift */,
				84392EF725B6CDF200066C8E /* ListStatsFilterTableViewCell.xib */,
			);
			path = View;
			sourceTree = "<group>";
		};
		84392F0925B74B6800066C8E /* CustomModal */ = {
			isa = PBXGroup;
			children = (
				84392F0B25B74B8B00066C8E /* ModalViewController.xib */,
				84392F0A25B74B8B00066C8E /* ModalViewController.swift */,
				84392F1425B751AD00066C8E /* LoadingController.swift */,
			);
			path = CustomModal;
			sourceTree = "<group>";
		};
		84E6CB1A25B7DAE200E58607 /* News */ = {
			isa = PBXGroup;
			children = (
				84E6CB2325B7DE1000E58607 /* View */,
				84E6CB1B25B7DAF200E58607 /* NewsViewController.swift */,
			);
			path = News;
			sourceTree = "<group>";
		};
		84E6CB2325B7DE1000E58607 /* View */ = {
			isa = PBXGroup;
			children = (
				84E6CB2425B7DE2D00E58607 /* NewsTableViewCell.swift */,
				84E6CB2525B7DE2D00E58607 /* NewsTableViewCell.xib */,
			);
			path = View;
			sourceTree = "<group>";
		};
		84E6CB3325B80FF600E58607 /* Leagues */ = {
			isa = PBXGroup;
			children = (
				84E6CB7F25B938C600E58607 /* Transfers */,
				84E6CB3A25B8156E00E58607 /* UserPlayer */,
				84392E4725AD460200066C8E /* League */,
				84392E6F25AD576100066C8E /* LeagueDetail */,
				84392EBE25B5831B00066C8E /* Stats */,
				84392EE725B68A2600066C8E /* ListStatsFilter */,
				84E6CB1A25B7DAE200E58607 /* News */,
			);
			path = Leagues;
			sourceTree = "<group>";
		};
		84E6CB3A25B8156E00E58607 /* UserPlayer */ = {
			isa = PBXGroup;
			children = (
				84E6CB4625B824CB00E58607 /* View */,
				84E6CB3B25B8159200E58607 /* UserPlayerViewController.swift */,
			);
			path = UserPlayer;
			sourceTree = "<group>";
		};
		84E6CB4625B824CB00E58607 /* View */ = {
			isa = PBXGroup;
			children = (
				84E6CB5925B8449C00E58607 /* component */,
				84E6CB4725B824EB00E58607 /* InfoPlayerViewController.swift */,
				84E6CB4F25B8252400E58607 /* CareerPlayerViewController.swift */,
				84E6CB5425B82C6000E58607 /* NewsPlayerViewController.swift */,
			);
			path = View;
			sourceTree = "<group>";
		};
		84E6CB5925B8449C00E58607 /* component */ = {
			isa = PBXGroup;
			children = (
				84E6CB5A25B844B900E58607 /* CareerItemTableViewCell.swift */,
				84E6CB5B25B844B900E58607 /* CareerItemTableViewCell.xib */,
				84E6CB7325B84F5100E58607 /* NewsPlayerTableViewCell.swift */,
				84E6CB7425B84F5100E58607 /* NewsPlayerTableViewCell.xib */,
			);
			path = component;
			sourceTree = "<group>";
		};
		84E6CB7F25B938C600E58607 /* Transfers */ = {
			isa = PBXGroup;
			children = (
				84E6CB8D25B93EC100E58607 /* View */,
				84E6CB8025B938EF00E58607 /* TransfersViewController.swift */,
			);
			path = Transfers;
			sourceTree = "<group>";
		};
		84E6CB8D25B93EC100E58607 /* View */ = {
			isa = PBXGroup;
			children = (
				84E6CB8E25B93ED900E58607 /* ListTransferTableViewCell.swift */,
				84E6CB8F25B93ED900E58607 /* ListTransferTableViewCell.xib */,
			);
			path = View;
			sourceTree = "<group>";
		};
		84E6CB9A25B96D1A00E58607 /* ResultsMatches */ = {
			isa = PBXGroup;
			children = (
				84E6CB9B25B96D3000E58607 /* ResultMatchDetail */,
				84392E1725AC2F6E00066C8E /* ResultMatch */,
			);
			path = ResultsMatches;
			sourceTree = "<group>";
		};
		84E6CB9B25B96D3000E58607 /* ResultMatchDetail */ = {
			isa = PBXGroup;
			children = (
				84E6CBA425B97F7F00E58607 /* View */,
				84E6CB9F25B96D5600E58607 /* ResultMatchDetailViewController.swift */,
			);
			path = ResultMatchDetail;
			sourceTree = "<group>";
		};
		84E6CBA425B97F7F00E58607 /* View */ = {
			isa = PBXGroup;
			children = (
				84E6CBA525B97FAC00E58607 /* FeatureMatchesDetailCollectionViewCell.swift */,
			);
			path = View;
			sourceTree = "<group>";
		};
		A2E809A87BCD29E16A6AA98A /* Pods */ = {
			isa = PBXGroup;
			children = (
				2AEC838E21DD6E55EF6B6573 /* Pods-Football.debug.xcconfig */,
				057609820A0FF0414270EE13 /* Pods-Football.release.xcconfig */,
				05ED7A1AB80617C365C33672 /* Pods-Football-FootballUITests.debug.xcconfig */,
				1E1341CAD092E0A3B18E9138 /* Pods-Football-FootballUITests.release.xcconfig */,
				82EF47E2ABCDDB90BACB97F2 /* Pods-FootballTests.debug.xcconfig */,
				7FF1B86AA25C8CE19721CCFB /* Pods-FootballTests.release.xcconfig */,
			);
			path = Pods;
			sourceTree = "<group>";
		};
/* End PBXGroup section */

/* Begin PBXNativeTarget section */
		84392DC825AC06E600066C8E /* Football */ = {
			isa = PBXNativeTarget;
			buildConfigurationList = 84392DF625AC06E900066C8E /* Build configuration list for PBXNativeTarget "Football" */;
			buildPhases = (
				1F8B3F8830DC274D3D44139E /* [CP] Check Pods Manifest.lock */,
				84392DC525AC06E600066C8E /* Sources */,
				84392DC625AC06E600066C8E /* Frameworks */,
				84392DC725AC06E600066C8E /* Resources */,
				C36F7F37C158F6FCA21BC0F8 /* [CP] Embed Pods Frameworks */,
			);
			buildRules = (
			);
			dependencies = (
			);
			name = Football;
			productName = Football;
			productReference = 84392DC925AC06E600066C8E /* Football.app */;
			productType = "com.apple.product-type.application";
		};
		84392DE125AC06E900066C8E /* FootballTests */ = {
			isa = PBXNativeTarget;
			buildConfigurationList = 84392DF925AC06E900066C8E /* Build configuration list for PBXNativeTarget "FootballTests" */;
			buildPhases = (
				8E9D06654FC78307B62C44A4 /* [CP] Check Pods Manifest.lock */,
				84392DDE25AC06E900066C8E /* Sources */,
				84392DDF25AC06E900066C8E /* Frameworks */,
				84392DE025AC06E900066C8E /* Resources */,
			);
			buildRules = (
			);
			dependencies = (
				84392DE425AC06E900066C8E /* PBXTargetDependency */,
			);
			name = FootballTests;
			productName = FootballTests;
			productReference = 84392DE225AC06E900066C8E /* FootballTests.xctest */;
			productType = "com.apple.product-type.bundle.unit-test";
		};
		84392DEC25AC06E900066C8E /* FootballUITests */ = {
			isa = PBXNativeTarget;
			buildConfigurationList = 84392DFC25AC06E900066C8E /* Build configuration list for PBXNativeTarget "FootballUITests" */;
			buildPhases = (
				1FBB70E4438F9F573CC932A2 /* [CP] Check Pods Manifest.lock */,
				84392DE925AC06E900066C8E /* Sources */,
				84392DEA25AC06E900066C8E /* Frameworks */,
				84392DEB25AC06E900066C8E /* Resources */,
				245DF9FBC32BF6B65C44DA64 /* [CP] Embed Pods Frameworks */,
			);
			buildRules = (
			);
			dependencies = (
				84392DEF25AC06E900066C8E /* PBXTargetDependency */,
			);
			name = FootballUITests;
			productName = FootballUITests;
			productReference = 84392DED25AC06E900066C8E /* FootballUITests.xctest */;
			productType = "com.apple.product-type.bundle.ui-testing";
		};
/* End PBXNativeTarget section */

/* Begin PBXProject section */
		84392DC125AC06E600066C8E /* Project object */ = {
			isa = PBXProject;
			attributes = {
				LastSwiftUpdateCheck = 1230;
				LastUpgradeCheck = 1230;
				TargetAttributes = {
					84392DC825AC06E600066C8E = {
						CreatedOnToolsVersion = 12.3;
					};
					84392DE125AC06E900066C8E = {
						CreatedOnToolsVersion = 12.3;
						TestTargetID = 84392DC825AC06E600066C8E;
					};
					84392DEC25AC06E900066C8E = {
						CreatedOnToolsVersion = 12.3;
						TestTargetID = 84392DC825AC06E600066C8E;
					};
				};
			};
			buildConfigurationList = 84392DC425AC06E600066C8E /* Build configuration list for PBXProject "Football" */;
			compatibilityVersion = "Xcode 9.3";
			developmentRegion = en;
			hasScannedForEncodings = 0;
			knownRegions = (
				en,
				Base,
			);
			mainGroup = 84392DC025AC06E600066C8E;
			productRefGroup = 84392DCA25AC06E600066C8E /* Products */;
			projectDirPath = "";
			projectRoot = "";
			targets = (
				84392DC825AC06E600066C8E /* Football */,
				84392DE125AC06E900066C8E /* FootballTests */,
				84392DEC25AC06E900066C8E /* FootballUITests */,
			);
		};
/* End PBXProject section */

/* Begin PBXResourcesBuildPhase section */
		84392DC725AC06E600066C8E /* Resources */ = {
			isa = PBXResourcesBuildPhase;
			buildActionMask = 2147483647;
			files = (
				84392E8825AFF8E600066C8E /* ListTableLeagueTableViewCell.xib in Resources */,
				84392EF925B6CDF200066C8E /* ListStatsFilterTableViewCell.xib in Resources */,
				84392E3425AC360A00066C8E /* tot.png in Resources */,
				84392E3925AC367C00066C8E /* marine.png in Resources */,
				84E6CB7625B84F5100E58607 /* NewsPlayerTableViewCell.xib in Resources */,
				84E6CB6525B84E6C00E58607 /* ball.jpg in Resources */,
				84392EA225B175A500066C8E /* StatsTableViewCell.xib in Resources */,
				84392E0E25AC0AC000066C8E /* splash.jpg in Resources */,
				84E6CB2725B7DE2D00E58607 /* NewsTableViewCell.xib in Resources */,
				84E6CB6A25B84E7700E58607 /* stadium.png in Resources */,
				84392DDC25AC06E900066C8E /* LaunchScreen.storyboard in Resources */,
				84E6CB6F25B84EAC00E58607 /* football.png in Resources */,
				84392E2425AC32AC00066C8E /* ListResultMatchTableViewCell.xib in Resources */,
				84392F0D25B74B8B00066C8E /* ModalViewController.xib in Resources */,
				84392E1325AC0D2500066C8E /* schedule_football.png in Resources */,
				84392DD925AC06E900066C8E /* Assets.xcassets in Resources */,
				84392EDB25B58E6800066C8E /* StatLeagueItemTableViewCell.xib in Resources */,
				84E6CB9625B96BF100E58607 /* logo.jpg in Resources */,
				84392DD425AC06E600066C8E /* Main.storyboard in Resources */,
				84392F1A25B757CA00066C8E /* loading1.gif in Resources */,
				84392E6025AD4D6E00066C8E /* LeagueTableViewCell.xib in Resources */,
				84E6CB9125B93ED900E58607 /* ListTransferTableViewCell.xib in Resources */,
				84E6CB5D25B844B900E58607 /* CareerItemTableViewCell.xib in Resources */,
			);
			runOnlyForDeploymentPostprocessing = 0;
		};
		84392DE025AC06E900066C8E /* Resources */ = {
			isa = PBXResourcesBuildPhase;
			buildActionMask = 2147483647;
			files = (
			);
			runOnlyForDeploymentPostprocessing = 0;
		};
		84392DEB25AC06E900066C8E /* Resources */ = {
			isa = PBXResourcesBuildPhase;
			buildActionMask = 2147483647;
			files = (
			);
			runOnlyForDeploymentPostprocessing = 0;
		};
/* End PBXResourcesBuildPhase section */

/* Begin PBXShellScriptBuildPhase section */
		1F8B3F8830DC274D3D44139E /* [CP] Check Pods Manifest.lock */ = {
			isa = PBXShellScriptBuildPhase;
			buildActionMask = 2147483647;
			files = (
			);
			inputFileListPaths = (
			);
			inputPaths = (
				"${PODS_PODFILE_DIR_PATH}/Podfile.lock",
				"${PODS_ROOT}/Manifest.lock",
			);
			name = "[CP] Check Pods Manifest.lock";
			outputFileListPaths = (
			);
			outputPaths = (
				"$(DERIVED_FILE_DIR)/Pods-Football-checkManifestLockResult.txt",
			);
			runOnlyForDeploymentPostprocessing = 0;
			shellPath = /bin/sh;
			shellScript = "diff \"${PODS_PODFILE_DIR_PATH}/Podfile.lock\" \"${PODS_ROOT}/Manifest.lock\" > /dev/null\nif [ $? != 0 ] ; then\n    # print error to STDERR\n    echo \"error: The sandbox is not in sync with the Podfile.lock. Run 'pod install' or update your CocoaPods installation.\" >&2\n    exit 1\nfi\n# This output is used by Xcode 'outputs' to avoid re-running this script phase.\necho \"SUCCESS\" > \"${SCRIPT_OUTPUT_FILE_0}\"\n";
			showEnvVarsInLog = 0;
		};
		1FBB70E4438F9F573CC932A2 /* [CP] Check Pods Manifest.lock */ = {
			isa = PBXShellScriptBuildPhase;
			buildActionMask = 2147483647;
			files = (
			);
			inputFileListPaths = (
			);
			inputPaths = (
				"${PODS_PODFILE_DIR_PATH}/Podfile.lock",
				"${PODS_ROOT}/Manifest.lock",
			);
			name = "[CP] Check Pods Manifest.lock";
			outputFileListPaths = (
			);
			outputPaths = (
				"$(DERIVED_FILE_DIR)/Pods-Football-FootballUITests-checkManifestLockResult.txt",
			);
			runOnlyForDeploymentPostprocessing = 0;
			shellPath = /bin/sh;
			shellScript = "diff \"${PODS_PODFILE_DIR_PATH}/Podfile.lock\" \"${PODS_ROOT}/Manifest.lock\" > /dev/null\nif [ $? != 0 ] ; then\n    # print error to STDERR\n    echo \"error: The sandbox is not in sync with the Podfile.lock. Run 'pod install' or update your CocoaPods installation.\" >&2\n    exit 1\nfi\n# This output is used by Xcode 'outputs' to avoid re-running this script phase.\necho \"SUCCESS\" > \"${SCRIPT_OUTPUT_FILE_0}\"\n";
			showEnvVarsInLog = 0;
		};
		245DF9FBC32BF6B65C44DA64 /* [CP] Embed Pods Frameworks */ = {
			isa = PBXShellScriptBuildPhase;
			buildActionMask = 2147483647;
			files = (
			);
			inputFileListPaths = (
				"${PODS_ROOT}/Target Support Files/Pods-Football-FootballUITests/Pods-Football-FootballUITests-frameworks-${CONFIGURATION}-input-files.xcfilelist",
			);
			name = "[CP] Embed Pods Frameworks";
			outputFileListPaths = (
				"${PODS_ROOT}/Target Support Files/Pods-Football-FootballUITests/Pods-Football-FootballUITests-frameworks-${CONFIGURATION}-output-files.xcfilelist",
			);
			runOnlyForDeploymentPostprocessing = 0;
			shellPath = /bin/sh;
			shellScript = "\"${PODS_ROOT}/Target Support Files/Pods-Football-FootballUITests/Pods-Football-FootballUITests-frameworks.sh\"\n";
			showEnvVarsInLog = 0;
		};
		8E9D06654FC78307B62C44A4 /* [CP] Check Pods Manifest.lock */ = {
			isa = PBXShellScriptBuildPhase;
			buildActionMask = 2147483647;
			files = (
			);
			inputFileListPaths = (
			);
			inputPaths = (
				"${PODS_PODFILE_DIR_PATH}/Podfile.lock",
				"${PODS_ROOT}/Manifest.lock",
			);
			name = "[CP] Check Pods Manifest.lock";
			outputFileListPaths = (
			);
			outputPaths = (
				"$(DERIVED_FILE_DIR)/Pods-FootballTests-checkManifestLockResult.txt",
			);
			runOnlyForDeploymentPostprocessing = 0;
			shellPath = /bin/sh;
			shellScript = "diff \"${PODS_PODFILE_DIR_PATH}/Podfile.lock\" \"${PODS_ROOT}/Manifest.lock\" > /dev/null\nif [ $? != 0 ] ; then\n    # print error to STDERR\n    echo \"error: The sandbox is not in sync with the Podfile.lock. Run 'pod install' or update your CocoaPods installation.\" >&2\n    exit 1\nfi\n# This output is used by Xcode 'outputs' to avoid re-running this script phase.\necho \"SUCCESS\" > \"${SCRIPT_OUTPUT_FILE_0}\"\n";
			showEnvVarsInLog = 0;
		};
		C36F7F37C158F6FCA21BC0F8 /* [CP] Embed Pods Frameworks */ = {
			isa = PBXShellScriptBuildPhase;
			buildActionMask = 2147483647;
			files = (
			);
			inputFileListPaths = (
				"${PODS_ROOT}/Target Support Files/Pods-Football/Pods-Football-frameworks-${CONFIGURATION}-input-files.xcfilelist",
			);
			name = "[CP] Embed Pods Frameworks";
			outputFileListPaths = (
				"${PODS_ROOT}/Target Support Files/Pods-Football/Pods-Football-frameworks-${CONFIGURATION}-output-files.xcfilelist",
			);
			runOnlyForDeploymentPostprocessing = 0;
			shellPath = /bin/sh;
			shellScript = "\"${PODS_ROOT}/Target Support Files/Pods-Football/Pods-Football-frameworks.sh\"\n";
			showEnvVarsInLog = 0;
		};
/* End PBXShellScriptBuildPhase section */

/* Begin PBXSourcesBuildPhase section */
		84392DC525AC06E600066C8E /* Sources */ = {
			isa = PBXSourcesBuildPhase;
			buildActionMask = 2147483647;
			files = (
				84E6CB7525B84F5100E58607 /* NewsPlayerTableViewCell.swift in Sources */,
				84E6CBAE25B9933E00E58607 /* MatchesDetailItem.swift in Sources */,
				84392EA125B175A500066C8E /* StatsTableViewCell.swift in Sources */,
				84392DD725AC06E600066C8E /* Football.xcdatamodeld in Sources */,
				84392F1525B751AD00066C8E /* LoadingController.swift in Sources */,
				84E6CB1C25B7DAF200E58607 /* NewsViewController.swift in Sources */,
				84E6CB8925B93B4500E58607 /* TransfersItem.swift in Sources */,
				84E6CB5525B82C6000E58607 /* NewsPlayerViewController.swift in Sources */,
				84E6CB2625B7DE2D00E58607 /* NewsTableViewCell.swift in Sources */,
				84392EA725B17BC000066C8E /* LeagueDetail.swift in Sources */,
				84392E1925AC303B00066C8E /* ResultMatchViewController.swift in Sources */,
				84392E7A25AD946700066C8E /* FeatureLeagueCollectionViewCell.swift in Sources */,
				84392DD125AC06E600066C8E /* ViewController.swift in Sources */,
				84E6CB9025B93ED900E58607 /* ListTransferTableViewCell.swift in Sources */,
				84392E4325AC3EDB00066C8E /* ResultMatchItem.swift in Sources */,
				84392EE325B5914C00066C8E /* StatsItem.swift in Sources */,
				84392EF125B68E3A00066C8E /* League.swift in Sources */,
				84E6CBA025B96D5600E58607 /* ResultMatchDetailViewController.swift in Sources */,
				84392E8725AFF8E600066C8E /* ListTableLeagueTableViewCell.swift in Sources */,
				84E6CBA625B97FAC00E58607 /* FeatureMatchesDetailCollectionViewCell.swift in Sources */,
				84392E4925AD462000066C8E /* LeagueViewController.swift in Sources */,
				84392EF825B6CDF200066C8E /* ListStatsFilterTableViewCell.swift in Sources */,
				84392EE925B68A4500066C8E /* ListStatsFilterViewController.swift in Sources */,
				84E6CB3C25B8159200E58607 /* UserPlayerViewController.swift in Sources */,
				84392EDA25B58E6800066C8E /* StatLeagueItemTableViewCell.swift in Sources */,
				84392DCD25AC06E600066C8E /* AppDelegate.swift in Sources */,
				84392E5F25AD4D6E00066C8E /* LeagueTableViewCell.swift in Sources */,
				84392E7125AD578200066C8E /* LeagueDetailViewController.swift in Sources */,
				84392EBA25B56E1C00066C8E /* MatchViewController.swift in Sources */,
				84E6CB2F25B7E7E400E58607 /* News.swift in Sources */,
				84392E3E25AC3B1E00066C8E /* Connect.swift in Sources */,
				84392F0C25B74B8B00066C8E /* ModalViewController.swift in Sources */,
				84392E2325AC32AC00066C8E /* ListResultMatchTableViewCell.swift in Sources */,
				84392DCF25AC06E600066C8E /* SceneDelegate.swift in Sources */,
				84E6CB7B25B8792800E58607 /* InfoPlayerItem.swift in Sources */,
				84E6CB5C25B844B900E58607 /* CareerItemTableViewCell.swift in Sources */,
				84E6CB4825B824EB00E58607 /* InfoPlayerViewController.swift in Sources */,
				84E6CB5025B8252400E58607 /* CareerPlayerViewController.swift in Sources */,
				84E6CB8125B938EF00E58607 /* TransfersViewController.swift in Sources */,
				84392ED325B58C3D00066C8E /* StatsLeagueViewController.swift in Sources */,
			);
			runOnlyForDeploymentPostprocessing = 0;
		};
		84392DDE25AC06E900066C8E /* Sources */ = {
			isa = PBXSourcesBuildPhase;
			buildActionMask = 2147483647;
			files = (
				84392DE725AC06E900066C8E /* FootballTests.swift in Sources */,
			);
			runOnlyForDeploymentPostprocessing = 0;
		};
		84392DE925AC06E900066C8E /* Sources */ = {
			isa = PBXSourcesBuildPhase;
			buildActionMask = 2147483647;
			files = (
				84392DF225AC06E900066C8E /* FootballUITests.swift in Sources */,
			);
			runOnlyForDeploymentPostprocessing = 0;
		};
/* End PBXSourcesBuildPhase section */

/* Begin PBXTargetDependency section */
		84392DE425AC06E900066C8E /* PBXTargetDependency */ = {
			isa = PBXTargetDependency;
			target = 84392DC825AC06E600066C8E /* Football */;
			targetProxy = 84392DE325AC06E900066C8E /* PBXContainerItemProxy */;
		};
		84392DEF25AC06E900066C8E /* PBXTargetDependency */ = {
			isa = PBXTargetDependency;
			target = 84392DC825AC06E600066C8E /* Football */;
			targetProxy = 84392DEE25AC06E900066C8E /* PBXContainerItemProxy */;
		};
/* End PBXTargetDependency section */

/* Begin PBXVariantGroup section */
		84392DD225AC06E600066C8E /* Main.storyboard */ = {
			isa = PBXVariantGroup;
			children = (
				84392DD325AC06E600066C8E /* Base */,
			);
			name = Main.storyboard;
			sourceTree = "<group>";
		};
		84392DDA25AC06E900066C8E /* LaunchScreen.storyboard */ = {
			isa = PBXVariantGroup;
			children = (
				84392DDB25AC06E900066C8E /* Base */,
			);
			name = LaunchScreen.storyboard;
			sourceTree = "<group>";
		};
/* End PBXVariantGroup section */

/* Begin XCBuildConfiguration section */
		84392DF425AC06E900066C8E /* Debug */ = {
			isa = XCBuildConfiguration;
			buildSettings = {
				ALWAYS_SEARCH_USER_PATHS = NO;
				CLANG_ANALYZER_NONNULL = YES;
				CLANG_ANALYZER_NUMBER_OBJECT_CONVERSION = YES_AGGRESSIVE;
				CLANG_CXX_LANGUAGE_STANDARD = "gnu++14";
				CLANG_CXX_LIBRARY = "libc++";
				CLANG_ENABLE_MODULES = YES;
				CLANG_ENABLE_OBJC_ARC = YES;
				CLANG_ENABLE_OBJC_WEAK = YES;
				CLANG_WARN_BLOCK_CAPTURE_AUTORELEASING = YES;
				CLANG_WARN_BOOL_CONVERSION = YES;
				CLANG_WARN_COMMA = YES;
				CLANG_WARN_CONSTANT_CONVERSION = YES;
				CLANG_WARN_DEPRECATED_OBJC_IMPLEMENTATIONS = YES;
				CLANG_WARN_DIRECT_OBJC_ISA_USAGE = YES_ERROR;
				CLANG_WARN_DOCUMENTATION_COMMENTS = YES;
				CLANG_WARN_EMPTY_BODY = YES;
				CLANG_WARN_ENUM_CONVERSION = YES;
				CLANG_WARN_INFINITE_RECURSION = YES;
				CLANG_WARN_INT_CONVERSION = YES;
				CLANG_WARN_NON_LITERAL_NULL_CONVERSION = YES;
				CLANG_WARN_OBJC_IMPLICIT_RETAIN_SELF = YES;
				CLANG_WARN_OBJC_LITERAL_CONVERSION = YES;
				CLANG_WARN_OBJC_ROOT_CLASS = YES_ERROR;
				CLANG_WARN_QUOTED_INCLUDE_IN_FRAMEWORK_HEADER = YES;
				CLANG_WARN_RANGE_LOOP_ANALYSIS = YES;
				CLANG_WARN_STRICT_PROTOTYPES = YES;
				CLANG_WARN_SUSPICIOUS_MOVE = YES;
				CLANG_WARN_UNGUARDED_AVAILABILITY = YES_AGGRESSIVE;
				CLANG_WARN_UNREACHABLE_CODE = YES;
				CLANG_WARN__DUPLICATE_METHOD_MATCH = YES;
				COPY_PHASE_STRIP = NO;
				DEBUG_INFORMATION_FORMAT = dwarf;
				ENABLE_STRICT_OBJC_MSGSEND = YES;
				ENABLE_TESTABILITY = YES;
				GCC_C_LANGUAGE_STANDARD = gnu11;
				GCC_DYNAMIC_NO_PIC = NO;
				GCC_NO_COMMON_BLOCKS = YES;
				GCC_OPTIMIZATION_LEVEL = 0;
				GCC_PREPROCESSOR_DEFINITIONS = (
					"DEBUG=1",
					"$(inherited)",
				);
				GCC_WARN_64_TO_32_BIT_CONVERSION = YES;
				GCC_WARN_ABOUT_RETURN_TYPE = YES_ERROR;
				GCC_WARN_UNDECLARED_SELECTOR = YES;
				GCC_WARN_UNINITIALIZED_AUTOS = YES_AGGRESSIVE;
				GCC_WARN_UNUSED_FUNCTION = YES;
				GCC_WARN_UNUSED_VARIABLE = YES;
				IPHONEOS_DEPLOYMENT_TARGET = 14.3;
				MTL_ENABLE_DEBUG_INFO = INCLUDE_SOURCE;
				MTL_FAST_MATH = YES;
				ONLY_ACTIVE_ARCH = YES;
				SDKROOT = iphoneos;
				SWIFT_ACTIVE_COMPILATION_CONDITIONS = DEBUG;
				SWIFT_OPTIMIZATION_LEVEL = "-Onone";
			};
			name = Debug;
		};
		84392DF525AC06E900066C8E /* Release */ = {
			isa = XCBuildConfiguration;
			buildSettings = {
				ALWAYS_SEARCH_USER_PATHS = NO;
				CLANG_ANALYZER_NONNULL = YES;
				CLANG_ANALYZER_NUMBER_OBJECT_CONVERSION = YES_AGGRESSIVE;
				CLANG_CXX_LANGUAGE_STANDARD = "gnu++14";
				CLANG_CXX_LIBRARY = "libc++";
				CLANG_ENABLE_MODULES = YES;
				CLANG_ENABLE_OBJC_ARC = YES;
				CLANG_ENABLE_OBJC_WEAK = YES;
				CLANG_WARN_BLOCK_CAPTURE_AUTORELEASING = YES;
				CLANG_WARN_BOOL_CONVERSION = YES;
				CLANG_WARN_COMMA = YES;
				CLANG_WARN_CONSTANT_CONVERSION = YES;
				CLANG_WARN_DEPRECATED_OBJC_IMPLEMENTATIONS = YES;
				CLANG_WARN_DIRECT_OBJC_ISA_USAGE = YES_ERROR;
				CLANG_WARN_DOCUMENTATION_COMMENTS = YES;
				CLANG_WARN_EMPTY_BODY = YES;
				CLANG_WARN_ENUM_CONVERSION = YES;
				CLANG_WARN_INFINITE_RECURSION = YES;
				CLANG_WARN_INT_CONVERSION = YES;
				CLANG_WARN_NON_LITERAL_NULL_CONVERSION = YES;
				CLANG_WARN_OBJC_IMPLICIT_RETAIN_SELF = YES;
				CLANG_WARN_OBJC_LITERAL_CONVERSION = YES;
				CLANG_WARN_OBJC_ROOT_CLASS = YES_ERROR;
				CLANG_WARN_QUOTED_INCLUDE_IN_FRAMEWORK_HEADER = YES;
				CLANG_WARN_RANGE_LOOP_ANALYSIS = YES;
				CLANG_WARN_STRICT_PROTOTYPES = YES;
				CLANG_WARN_SUSPICIOUS_MOVE = YES;
				CLANG_WARN_UNGUARDED_AVAILABILITY = YES_AGGRESSIVE;
				CLANG_WARN_UNREACHABLE_CODE = YES;
				CLANG_WARN__DUPLICATE_METHOD_MATCH = YES;
				COPY_PHASE_STRIP = NO;
				DEBUG_INFORMATION_FORMAT = "dwarf-with-dsym";
				ENABLE_NS_ASSERTIONS = NO;
				ENABLE_STRICT_OBJC_MSGSEND = YES;
				GCC_C_LANGUAGE_STANDARD = gnu11;
				GCC_NO_COMMON_BLOCKS = YES;
				GCC_WARN_64_TO_32_BIT_CONVERSION = YES;
				GCC_WARN_ABOUT_RETURN_TYPE = YES_ERROR;
				GCC_WARN_UNDECLARED_SELECTOR = YES;
				GCC_WARN_UNINITIALIZED_AUTOS = YES_AGGRESSIVE;
				GCC_WARN_UNUSED_FUNCTION = YES;
				GCC_WARN_UNUSED_VARIABLE = YES;
				IPHONEOS_DEPLOYMENT_TARGET = 14.3;
				MTL_ENABLE_DEBUG_INFO = NO;
				MTL_FAST_MATH = YES;
				SDKROOT = iphoneos;
				SWIFT_COMPILATION_MODE = wholemodule;
				SWIFT_OPTIMIZATION_LEVEL = "-O";
				VALIDATE_PRODUCT = YES;
			};
			name = Release;
		};
		84392DF725AC06E900066C8E /* Debug */ = {
			isa = XCBuildConfiguration;
			baseConfigurationReference = 2AEC838E21DD6E55EF6B6573 /* Pods-Football.debug.xcconfig */;
			buildSettings = {
				ASSETCATALOG_COMPILER_APPICON_NAME = AppIcon;
				ASSETCATALOG_COMPILER_GLOBAL_ACCENT_COLOR_NAME = AccentColor;
				CODE_SIGN_STYLE = Automatic;
				INFOPLIST_FILE = Football/Info.plist;
				LD_RUNPATH_SEARCH_PATHS = (
					"$(inherited)",
					"@executable_path/Frameworks",
				);
				PRODUCT_BUNDLE_IDENTIFIER = "-633.Football";
				PRODUCT_NAME = "$(TARGET_NAME)";
				SWIFT_VERSION = 5.0;
				TARGETED_DEVICE_FAMILY = "1,2";
			};
			name = Debug;
		};
		84392DF825AC06E900066C8E /* Release */ = {
			isa = XCBuildConfiguration;
			baseConfigurationReference = 057609820A0FF0414270EE13 /* Pods-Football.release.xcconfig */;
			buildSettings = {
				ASSETCATALOG_COMPILER_APPICON_NAME = AppIcon;
				ASSETCATALOG_COMPILER_GLOBAL_ACCENT_COLOR_NAME = AccentColor;
				CODE_SIGN_STYLE = Automatic;
				INFOPLIST_FILE = Football/Info.plist;
				LD_RUNPATH_SEARCH_PATHS = (
					"$(inherited)",
					"@executable_path/Frameworks",
				);
				PRODUCT_BUNDLE_IDENTIFIER = "-633.Football";
				PRODUCT_NAME = "$(TARGET_NAME)";
				SWIFT_VERSION = 5.0;
				TARGETED_DEVICE_FAMILY = "1,2";
			};
			name = Release;
		};
		84392DFA25AC06E900066C8E /* Debug */ = {
			isa = XCBuildConfiguration;
			baseConfigurationReference = 82EF47E2ABCDDB90BACB97F2 /* Pods-FootballTests.debug.xcconfig */;
			buildSettings = {
				ALWAYS_EMBED_SWIFT_STANDARD_LIBRARIES = YES;
				BUNDLE_LOADER = "$(TEST_HOST)";
				CODE_SIGN_STYLE = Automatic;
				INFOPLIST_FILE = FootballTests/Info.plist;
				IPHONEOS_DEPLOYMENT_TARGET = 14.3;
				LD_RUNPATH_SEARCH_PATHS = (
					"$(inherited)",
					"@executable_path/Frameworks",
					"@loader_path/Frameworks",
				);
				PRODUCT_BUNDLE_IDENTIFIER = "-633.FootballTests";
				PRODUCT_NAME = "$(TARGET_NAME)";
				SWIFT_VERSION = 5.0;
				TARGETED_DEVICE_FAMILY = "1,2";
				TEST_HOST = "$(BUILT_PRODUCTS_DIR)/Football.app/Football";
			};
			name = Debug;
		};
		84392DFB25AC06E900066C8E /* Release */ = {
			isa = XCBuildConfiguration;
			baseConfigurationReference = 7FF1B86AA25C8CE19721CCFB /* Pods-FootballTests.release.xcconfig */;
			buildSettings = {
				ALWAYS_EMBED_SWIFT_STANDARD_LIBRARIES = YES;
				BUNDLE_LOADER = "$(TEST_HOST)";
				CODE_SIGN_STYLE = Automatic;
				INFOPLIST_FILE = FootballTests/Info.plist;
				IPHONEOS_DEPLOYMENT_TARGET = 14.3;
				LD_RUNPATH_SEARCH_PATHS = (
					"$(inherited)",
					"@executable_path/Frameworks",
					"@loader_path/Frameworks",
				);
				PRODUCT_BUNDLE_IDENTIFIER = "-633.FootballTests";
				PRODUCT_NAME = "$(TARGET_NAME)";
				SWIFT_VERSION = 5.0;
				TARGETED_DEVICE_FAMILY = "1,2";
				TEST_HOST = "$(BUILT_PRODUCTS_DIR)/Football.app/Football";
			};
			name = Release;
		};
		84392DFD25AC06E900066C8E /* Debug */ = {
			isa = XCBuildConfiguration;
			baseConfigurationReference = 05ED7A1AB80617C365C33672 /* Pods-Football-FootballUITests.debug.xcconfig */;
			buildSettings = {
				ALWAYS_EMBED_SWIFT_STANDARD_LIBRARIES = YES;
				CODE_SIGN_STYLE = Automatic;
				INFOPLIST_FILE = FootballUITests/Info.plist;
				LD_RUNPATH_SEARCH_PATHS = (
					"$(inherited)",
					"@executable_path/Frameworks",
					"@loader_path/Frameworks",
				);
				PRODUCT_BUNDLE_IDENTIFIER = "-633.FootballUITests";
				PRODUCT_NAME = "$(TARGET_NAME)";
				SWIFT_VERSION = 5.0;
				TARGETED_DEVICE_FAMILY = "1,2";
				TEST_TARGET_NAME = Football;
			};
			name = Debug;
		};
		84392DFE25AC06E900066C8E /* Release */ = {
			isa = XCBuildConfiguration;
			baseConfigurationReference = 1E1341CAD092E0A3B18E9138 /* Pods-Football-FootballUITests.release.xcconfig */;
			buildSettings = {
				ALWAYS_EMBED_SWIFT_STANDARD_LIBRARIES = YES;
				CODE_SIGN_STYLE = Automatic;
				INFOPLIST_FILE = FootballUITests/Info.plist;
				LD_RUNPATH_SEARCH_PATHS = (
					"$(inherited)",
					"@executable_path/Frameworks",
					"@loader_path/Frameworks",
				);
				PRODUCT_BUNDLE_IDENTIFIER = "-633.FootballUITests";
				PRODUCT_NAME = "$(TARGET_NAME)";
				SWIFT_VERSION = 5.0;
				TARGETED_DEVICE_FAMILY = "1,2";
				TEST_TARGET_NAME = Football;
			};
			name = Release;
		};
/* End XCBuildConfiguration section */

/* Begin XCConfigurationList section */
		84392DC425AC06E600066C8E /* Build configuration list for PBXProject "Football" */ = {
			isa = XCConfigurationList;
			buildConfigurations = (
				84392DF425AC06E900066C8E /* Debug */,
				84392DF525AC06E900066C8E /* Release */,
			);
			defaultConfigurationIsVisible = 0;
			defaultConfigurationName = Release;
		};
		84392DF625AC06E900066C8E /* Build configuration list for PBXNativeTarget "Football" */ = {
			isa = XCConfigurationList;
			buildConfigurations = (
				84392DF725AC06E900066C8E /* Debug */,
				84392DF825AC06E900066C8E /* Release */,
			);
			defaultConfigurationIsVisible = 0;
			defaultConfigurationName = Release;
		};
		84392DF925AC06E900066C8E /* Build configuration list for PBXNativeTarget "FootballTests" */ = {
			isa = XCConfigurationList;
			buildConfigurations = (
				84392DFA25AC06E900066C8E /* Debug */,
				84392DFB25AC06E900066C8E /* Release */,
			);
			defaultConfigurationIsVisible = 0;
			defaultConfigurationName = Release;
		};
		84392DFC25AC06E900066C8E /* Build configuration list for PBXNativeTarget "FootballUITests" */ = {
			isa = XCConfigurationList;
			buildConfigurations = (
				84392DFD25AC06E900066C8E /* Debug */,
				84392DFE25AC06E900066C8E /* Release */,
			);
			defaultConfigurationIsVisible = 0;
			defaultConfigurationName = Release;
		};
/* End XCConfigurationList section */

/* Begin XCVersionGroup section */
		84392DD525AC06E600066C8E /* Football.xcdatamodeld */ = {
			isa = XCVersionGroup;
			children = (
				84392DD625AC06E600066C8E /* Football.xcdatamodel */,
			);
			currentVersion = 84392DD625AC06E600066C8E /* Football.xcdatamodel */;
			path = Football.xcdatamodeld;
			sourceTree = "<group>";
			versionGroupType = wrapper.xcdatamodel;
		};
/* End XCVersionGroup section */
	};
	rootObject = 84392DC125AC06E600066C8E /* Project object */;
}
